
Microsoft Visual Studio Solution File, Format Version 12.00
# Visual Studio Version 16
VisualStudioVersion = 16.0.30709.132
MinimumVisualStudioVersion = 10.0.40219.1
Project("{FAE04EC0-301F-11D3-BF4B-00C04F79EFBC}") = "ConsoleApp17", "ConsoleApp17.csproj", "{1952C3D1-7EEB-4B37-9919-F150071A8813}"
EndProject
Global
	GlobalSection(SolutionConfigurationPlatforms) = preSolution
		Debug|Any CPU = Debug|Any CPU
		Release|Any CPU = Release|Any CPU
	EndGlobalSection
	GlobalSection(ProjectConfigurationPlatforms) = postSolution
		{1952C3D1-7EEB-4B37-9919-F150071A8813}.Debug|Any CPU.ActiveCfg = Debug|Any CPU
		{1952C3D1-7EEB-4B37-9919-F150071A8813}.Debug|Any CPU.Build.0 = Debug|Any CPU
		{1952C3D1-7EEB-4B37-9919-F150071A8813}.Release|Any CPU.ActiveCfg = Release|Any CPU
		{1952C3D1-7EEB-4B37-9919-F150071A8813}.Release|Any CPU.Build.0 = Release|Any CPU
	EndGlobalSection
	GlobalSection(SolutionProperties) = preSolution
		HideSolutionNode = FALSE
	EndGlobalSection
	GlobalSection(ExtensibilityGlobals) = postSolution
		SolutionGuid = {FADA9B11-8420-40F6-938A-7F7779488030}
	EndGlobalSection
EndGlobal
